
Microsoft Visual Studio Solution File, Format Version 12.00
# Visual Studio Version 17
VisualStudioVersion = 17.7.34221.43
MinimumVisualStudioVersion = 10.0.40219.1
Project("{FAE04EC0-301F-11D3-BF4B-00C04F79EFBC}") = "Examen Sofo Oefeningen 2324 Sem1", "Examen Sofo Oefeningen 2324 Sem1\Examen Sofo Oefeningen 2324 Sem1.csproj", "{366C43D9-6E46-4A94-B61F-FB4028ECC956}"
EndProject
Global
	GlobalSection(SolutionConfigurationPlatforms) = preSolution
		Debug|Any CPU = Debug|Any CPU
		Release|Any CPU = Release|Any CPU
	EndGlobalSection
	GlobalSection(ProjectConfigurationPlatforms) = postSolution
		{366C43D9-6E46-4A94-B61F-FB4028ECC956}.Debug|Any CPU.ActiveCfg = Debug|Any CPU
		{366C43D9-6E46-4A94-B61F-FB4028ECC956}.Debug|Any CPU.Build.0 = Debug|Any CPU
		{366C43D9-6E46-4A94-B61F-FB4028ECC956}.Release|Any CPU.ActiveCfg = Release|Any CPU
		{366C43D9-6E46-4A94-B61F-FB4028ECC956}.Release|Any CPU.Build.0 = Release|Any CPU
	EndGlobalSection
	GlobalSection(SolutionProperties) = preSolution
		HideSolutionNode = FALSE
	EndGlobalSection
	GlobalSection(ExtensibilityGlobals) = postSolution
		SolutionGuid = {23F926AE-015A-4E5E-B5AC-E5C538207069}
	EndGlobalSection
EndGlobal
